
Microsoft Visual Studio Solution File, Format Version 12.00
# Visual Studio Version 17
VisualStudioVersion = 17.10.35004.147
MinimumVisualStudioVersion = 10.0.40219.1
Project("{9A19103F-16F7-4668-BE54-9A1E7A4F7556}") = "BTW.Web", "BTW.Web\BTW.Web\BTW.Web.csproj", "{F93E09E8-010F-4799-B534-823D9BA70459}"
EndProject
Project("{9A19103F-16F7-4668-BE54-9A1E7A4F7556}") = "BTW.Web.Client", "BTW.Web\BTW.Web.Client\BTW.Web.Client.csproj", "{FD70F01B-F50B-43C4-98C1-557FB676DD32}"
EndProject
Project("{9A19103F-16F7-4668-BE54-9A1E7A4F7556}") = "BT.Datastore.EFCore", "BT.Datastore.EFCore\BT.Datastore.EFCore.csproj", "{36894027-749C-41FB-B40C-E7E81FFACD93}"
EndProject
Project("{9A19103F-16F7-4668-BE54-9A1E7A4F7556}") = "BT.Core", "BT.Core\BT.Core.csproj", "{A458974E-54AF-4A37-B268-87FFA16DB1C5}"
EndProject
Project("{FAE04EC0-301F-11D3-BF4B-00C04F79EFBC}") = "BT.Admin", "BT.Admin\BT.Admin.csproj", "{97DC33B3-7F57-44CF-B496-9A31DB11F7AB}"
EndProject
Global
	GlobalSection(SolutionConfigurationPlatforms) = preSolution
		Debug|Any CPU = Debug|Any CPU
		Release|Any CPU = Release|Any CPU
	EndGlobalSection
	GlobalSection(ProjectConfigurationPlatforms) = postSolution
		{F93E09E8-010F-4799-B534-823D9BA70459}.Debug|Any CPU.ActiveCfg = Debug|Any CPU
		{F93E09E8-010F-4799-B534-823D9BA70459}.Debug|Any CPU.Build.0 = Debug|Any CPU
		{F93E09E8-010F-4799-B534-823D9BA70459}.Release|Any CPU.ActiveCfg = Release|Any CPU
		{F93E09E8-010F-4799-B534-823D9BA70459}.Release|Any CPU.Build.0 = Release|Any CPU
		{FD70F01B-F50B-43C4-98C1-557FB676DD32}.Debug|Any CPU.ActiveCfg = Debug|Any CPU
		{FD70F01B-F50B-43C4-98C1-557FB676DD32}.Debug|Any CPU.Build.0 = Debug|Any CPU
		{FD70F01B-F50B-43C4-98C1-557FB676DD32}.Release|Any CPU.ActiveCfg = Release|Any CPU
		{FD70F01B-F50B-43C4-98C1-557FB676DD32}.Release|Any CPU.Build.0 = Release|Any CPU
		{36894027-749C-41FB-B40C-E7E81FFACD93}.Debug|Any CPU.ActiveCfg = Debug|Any CPU
		{36894027-749C-41FB-B40C-E7E81FFACD93}.Debug|Any CPU.Build.0 = Debug|Any CPU
		{36894027-749C-41FB-B40C-E7E81FFACD93}.Release|Any CPU.ActiveCfg = Release|Any CPU
		{36894027-749C-41FB-B40C-E7E81FFACD93}.Release|Any CPU.Build.0 = Release|Any CPU
		{A458974E-54AF-4A37-B268-87FFA16DB1C5}.Debug|Any CPU.ActiveCfg = Debug|Any CPU
		{A458974E-54AF-4A37-B268-87FFA16DB1C5}.Debug|Any CPU.Build.0 = Debug|Any CPU
		{A458974E-54AF-4A37-B268-87FFA16DB1C5}.Release|Any CPU.ActiveCfg = Release|Any CPU
		{A458974E-54AF-4A37-B268-87FFA16DB1C5}.Release|Any CPU.Build.0 = Release|Any CPU
		{97DC33B3-7F57-44CF-B496-9A31DB11F7AB}.Debug|Any CPU.ActiveCfg = Debug|Any CPU
		{97DC33B3-7F57-44CF-B496-9A31DB11F7AB}.Debug|Any CPU.Build.0 = Debug|Any CPU
		{97DC33B3-7F57-44CF-B496-9A31DB11F7AB}.Release|Any CPU.ActiveCfg = Release|Any CPU
		{97DC33B3-7F57-44CF-B496-9A31DB11F7AB}.Release|Any CPU.Build.0 = Release|Any CPU
	EndGlobalSection
	GlobalSection(SolutionProperties) = preSolution
		HideSolutionNode = FALSE
	EndGlobalSection
	GlobalSection(ExtensibilityGlobals) = postSolution
		SolutionGuid = {EAAF1F64-E144-4A08-871E-B061D8FEECFD}
	EndGlobalSection
EndGlobal
